---
name: Update Nix Flake Lock

on:
  workflow_dispatch:
  schedule:
    # 5am UTC daily = midnight EST / 1am EDT
  - cron: 0 5 * * *

jobs:
  update-flake-lock:
    runs-on: ubuntu-latest

    steps:
    - name: Checkout repository
      uses: actions/checkout@8e8c483db84b4bee98b60c0593521ed34d9990e8  # v6

    - name: Install Nix
      uses: cachix/install-nix-action@0b0e072294b088b73964f1d72dfdac0951439dbd  # v31

    - name: Check day of week
      id: check-day
      run: |
        day=$(date +%u)
        if [ "$day" = "1" ]; then
          echo "is_monday=true" >> "$GITHUB_OUTPUT"
        else
          echo "is_monday=false" >> "$GITHUB_OUTPUT"
        fi

    - name: Check for existing PR
      id: check-pr
      run: |
        if gh pr list --state open --label nix --search "Update Nix flake inputs in:title" --json number --jq '.[0].number' > /dev/null 2>&1; then
          echo "existing_pr=true" >> "$GITHUB_OUTPUT"
        else
          echo "existing_pr=false" >> "$GITHUB_OUTPUT"
        fi
      env:
        GH_TOKEN: ${{ secrets.PAT }}

    - name: Update flake.lock
      if: steps.check-day.outputs.is_monday == 'true' || steps.check-pr.outputs.existing_pr
        == 'true'
      uses: DeterminateSystems/update-flake-lock@834c491b2ece4de0bbd00d85214bb5e83b4da5c6  # v28
      id: update-flake-lock
      with:
        token: ${{ secrets.PAT }}
        pr-title: Update Nix flake inputs
        pr-labels: |-
          nix
          automerge

    - name: Enable automerge
      if: steps.update-flake-lock.outputs.pull-request-number != ''
      run: gh pr merge --auto --rebase "${{ steps.update-flake-lock.outputs.pull-request-number }}"
      env:
        GH_TOKEN: ${{ secrets.PAT }}
